lockfileVersion: '9.0'

settings:
  autoInstallPeers: true
  excludeLinksFromLockfile: false

importers:

  .:
    devDependencies:
      typescript:
        specifier: ^5.9.3
        version: 5.9.3

  packages/kassa-cli:
    dependencies:
      commander:
        specifier: ^14.0.3
        version: 14.0.3
    devDependencies:
      '@types/node':
        specifier: ^25.2.0
        version: 25.2.0

  packages/kassa-compiler:
    dependencies:
      '@kassa/core':
        specifier: workspace:*
        version: link:../kassa-core
      '@kassa/lang':
        specifier: workspace:*
        version: link:../kassa-lang

  packages/kassa-core: {}

  packages/kassa-lang:
    dependencies:
      langium:
        specifier: ^4.2.0
        version: 4.2.0
    devDependencies:
      langium-cli:
        specifier: ^4.2.0
        version: 4.2.0

packages:

  '@chevrotain/cst-dts-gen@11.1.1':
    resolution: {integrity: sha512-fRHyv6/f542qQqiRGalrfJl/evD39mAvbJLCekPazhiextEatq1Jx1K/i9gSd5NNO0ds03ek0Cbo/4uVKmOBcw==}

  '@chevrotain/gast@11.1.1':
    resolution: {integrity: sha512-Ko/5vPEYy1vn5CbCjjvnSO4U7GgxyGm+dfUZZJIWTlQFkXkyym0jFYrWEU10hyCjrA7rQtiHtBr0EaZqvHFZvg==}

  '@chevrotain/regexp-to-ast@11.1.1':
    resolution: {integrity: sha512-ctRw1OKSXkOrR8VTvOxrQ5USEc4sNrfwXHa1NuTcR7wre4YbjPcKw+82C2uylg/TEwFRgwLmbhlln4qkmDyteg==}

  '@chevrotain/types@11.1.1':
    resolution: {integrity: sha512-wb2ToxG8LkgPYnKe9FH8oGn3TMCBdnwiuNC5l5y+CtlaVRbCytU0kbVsk6CGrqTL4ZN4ksJa0TXOYbxpbthtqw==}

  '@chevrotain/utils@11.1.1':
    resolution: {integrity: sha512-71eTYMzYXYSFPrbg/ZwftSaSDld7UYlS8OQa3lNnn9jzNtpFbaReRRyghzqS7rI3CDaorqpPJJcXGHK+FE1TVQ==}

  '@types/node@25.2.0':
    resolution: {integrity: sha512-DZ8VwRFUNzuqJ5khrvwMXHmvPe+zGayJhr2CDNiKB1WBE1ST8Djl00D0IC4vvNmHMdj6DlbYRIaFE7WHjlDl5w==}

  chalk@5.6.2:
    resolution: {integrity: sha512-7NzBL0rN6fMUW+f7A6Io4h40qQlG+xGmtMxfbnH/K7TAtt8JQWVQK+6g0UXKMeVJoyV5EkkNsErQ8pVD3bLHbA==}
    engines: {node: ^12.17.0 || ^14.13 || >=16.0.0}

  chevrotain-allstar@0.3.1:
    resolution: {integrity: sha512-b7g+y9A0v4mxCW1qUhf3BSVPg+/NvGErk/dOkrDaHA0nQIQGAtrOjlX//9OQtRlSCy+x9rfB5N8yC71lH1nvMw==}
    peerDependencies:
      chevrotain: ^11.0.0

  chevrotain@11.1.1:
    resolution: {integrity: sha512-f0yv5CPKaFxfsPTBzX7vGuim4oIC1/gcS7LUGdBSwl2dU6+FON6LVUksdOo1qJjoUvXNn45urgh8C+0a24pACQ==}

  commander@14.0.3:
    resolution: {integrity: sha512-H+y0Jo/T1RZ9qPP4Eh1pkcQcLRglraJaSLoyOtHxu6AapkjWVCy2Sit1QQ4x3Dng8qDlSsZEet7g5Pq06MvTgw==}
    engines: {node: '>=20'}

  fs-extra@11.3.3:
    resolution: {integrity: sha512-VWSRii4t0AFm6ixFFmLLx1t7wS1gh+ckoa84aOeapGum0h+EZd1EhEumSB+ZdDLnEPuucsVB9oB7cxJHap6Afg==}
    engines: {node: '>=14.14'}

  graceful-fs@4.2.11:
    resolution: {integrity: sha512-RbJ5/jmFcNNCcDV5o9eTnBLJ/HszWV0P73bc+Ff4nS/rJj+YaS6IGyiOL0VoBYX+l1Wrl3k63h/KrH+nhJ0XvQ==}

  jsonfile@6.2.0:
    resolution: {integrity: sha512-FGuPw30AdOIUTRMC2OMRtQV+jkVj2cfPqSeWXv1NEAJ1qZ5zb1X6z1mFhbfOB/iy3ssJCD+3KuZ8r8C3uVFlAg==}

  jsonschema@1.5.0:
    resolution: {integrity: sha512-K+A9hhqbn0f3pJX17Q/7H6yQfD/5OXgdrR5UE12gMXCiN9D5Xq2o5mddV2QEcX/bjla99ASsAAQUyMCCRWAEhw==}

  langium-cli@4.2.0:
    resolution: {integrity: sha512-3X0QAaeaQgQAyxqeM5XAgvFa+uvMdDwi9PwveoICJcCqtu8GJQrksC81tOiBDXaAXMVWgNHDTkeRegqiD5FmbQ==}
    engines: {node: '>=20.10.0', npm: '>=10.2.3'}
    hasBin: true

  langium-railroad@4.2.0:
    resolution: {integrity: sha512-LYR22GV14iz0GTUtR91pZY6yNImYRk1HbAuHBP8k8GESMcSkCJh+iewJooH9k8H8dJOteXvvI7aFkz6rfU9oLQ==}

  langium@4.2.0:
    resolution: {integrity: sha512-SoXTYrTyA9x0CjVoguZfB9NIbj2RwQ7KpltHyJwB7jyzbnfHkqw5Alf9A1JtIqouT7fZv4xMCCy+7CoIYGV65w==}
    engines: {node: '>=20.10.0', npm: '>=10.2.3'}

  lodash-es@4.17.23:
    resolution: {integrity: sha512-kVI48u3PZr38HdYz98UmfPnXl2DXrpdctLrFLCd3kOx1xUkOmpFPx7gCWWM5MPkL/fD8zb+Ph0QzjGFs4+hHWg==}

  lodash@4.17.23:
    resolution: {integrity: sha512-LgVTMpQtIopCi79SJeDiP0TfWi5CNEc/L/aRdTh3yIvmZXTnheWpKjSZhnvMl8iXbC1tFg9gdHHDMLoV7CnG+w==}

  railroad-diagrams@1.0.0:
    resolution: {integrity: sha512-cz93DjNeLY0idrCNOH6PviZGRN9GJhsdm9hpn1YCS879fj4W+x5IFJhhkRZcwVgMmFF7R82UA/7Oh+R8lLZg6A==}

  typescript@5.9.3:
    resolution: {integrity: sha512-jl1vZzPDinLr9eUt3J/t7V6FgNEw9QjvBPdysz9KfQDD41fQrC2Y4vKQdiaUpFT4bXlb1RHhLpp8wtm6M5TgSw==}
    engines: {node: '>=14.17'}
    hasBin: true

  undici-types@7.16.0:
    resolution: {integrity: sha512-Zz+aZWSj8LE6zoxD+xrjh4VfkIG8Ya6LvYkZqtUQGJPZjYl53ypCaUwWqo7eI0x66KBGeRo+mlBEkMSeSZ38Nw==}

  universalify@2.0.1:
    resolution: {integrity: sha512-gptHNQghINnc/vTGIk0SOFGFNXw7JVrlRUtConJRlvaw6DuX0wO5Jeko9sWrMBhh+PsYAZ7oXAiOnf/UKogyiw==}
    engines: {node: '>= 10.0.0'}

  vscode-jsonrpc@8.2.0:
    resolution: {integrity: sha512-C+r0eKJUIfiDIfwJhria30+TYWPtuHJXHtI7J0YlOmKAo7ogxP20T0zxB7HZQIFhIyvoBPwWskjxrvAtfjyZfA==}
    engines: {node: '>=14.0.0'}

  vscode-languageserver-protocol@3.17.5:
    resolution: {integrity: sha512-mb1bvRJN8SVznADSGWM9u/b07H7Ecg0I3OgXDuLdn307rl/J3A9YD6/eYOssqhecL27hK1IPZAsaqh00i/Jljg==}

  vscode-languageserver-textdocument@1.0.12:
    resolution: {integrity: sha512-cxWNPesCnQCcMPeenjKKsOCKQZ/L6Tv19DTRIGuLWe32lyzWhihGVJ/rcckZXJxfdKCFvRLS3fpBIsV/ZGX4zA==}

  vscode-languageserver-types@3.17.5:
    resolution: {integrity: sha512-Ld1VelNuX9pdF39h2Hgaeb5hEZM2Z3jUrrMgWQAu82jMtZp7p3vJT3BzToKtZI7NgQssZje5o0zryOrhQvzQAg==}

  vscode-languageserver@9.0.1:
    resolution: {integrity: sha512-woByF3PDpkHFUreUa7Hos7+pUWdeWMXRd26+ZX2A8cFx6v/JPTtd4/uN0/jB6XQHYaOlHbio03NTHCqrgG5n7g==}
    hasBin: true

  vscode-uri@3.1.0:
    resolution: {integrity: sha512-/BpdSx+yCQGnCvecbyXdxHDkuk55/G3xwnC0GqY4gmQ3j+A+g8kzzgB4Nk/SINjqn6+waqw3EgbVF2QKExkRxQ==}

snapshots:

  '@chevrotain/cst-dts-gen@11.1.1':
    dependencies:
      '@chevrotain/gast': 11.1.1
      '@chevrotain/types': 11.1.1
      lodash-es: 4.17.23

  '@chevrotain/gast@11.1.1':
    dependencies:
      '@chevrotain/types': 11.1.1
      lodash-es: 4.17.23

  '@chevrotain/regexp-to-ast@11.1.1': {}

  '@chevrotain/types@11.1.1': {}

  '@chevrotain/utils@11.1.1': {}

  '@types/node@25.2.0':
    dependencies:
      undici-types: 7.16.0

  chalk@5.6.2: {}

  chevrotain-allstar@0.3.1(chevrotain@11.1.1):
    dependencies:
      chevrotain: 11.1.1
      lodash-es: 4.17.23

  chevrotain@11.1.1:
    dependencies:
      '@chevrotain/cst-dts-gen': 11.1.1
      '@chevrotain/gast': 11.1.1
      '@chevrotain/regexp-to-ast': 11.1.1
      '@chevrotain/types': 11.1.1
      '@chevrotain/utils': 11.1.1
      lodash-es: 4.17.23

  commander@14.0.3: {}

  fs-extra@11.3.3:
    dependencies:
      graceful-fs: 4.2.11
      jsonfile: 6.2.0
      universalify: 2.0.1

  graceful-fs@4.2.11: {}

  jsonfile@6.2.0:
    dependencies:
      universalify: 2.0.1
    optionalDependencies:
      graceful-fs: 4.2.11

  jsonschema@1.5.0: {}

  langium-cli@4.2.0:
    dependencies:
      chalk: 5.6.2
      commander: 14.0.3
      fs-extra: 11.3.3
      jsonschema: 1.5.0
      langium: 4.2.0
      langium-railroad: 4.2.0
      lodash: 4.17.23

  langium-railroad@4.2.0:
    dependencies:
      langium: 4.2.0
      railroad-diagrams: 1.0.0

  langium@4.2.0:
    dependencies:
      chevrotain: 11.1.1
      chevrotain-allstar: 0.3.1(chevrotain@11.1.1)
      vscode-languageserver: 9.0.1
      vscode-languageserver-textdocument: 1.0.12
      vscode-uri: 3.1.0

  lodash-es@4.17.23: {}

  lodash@4.17.23: {}

  railroad-diagrams@1.0.0: {}

  typescript@5.9.3: {}

  undici-types@7.16.0: {}

  universalify@2.0.1: {}

  vscode-jsonrpc@8.2.0: {}

  vscode-languageserver-protocol@3.17.5:
    dependencies:
      vscode-jsonrpc: 8.2.0
      vscode-languageserver-types: 3.17.5

  vscode-languageserver-textdocument@1.0.12: {}

  vscode-languageserver-types@3.17.5: {}

  vscode-languageserver@9.0.1:
    dependencies:
      vscode-languageserver-protocol: 3.17.5

  vscode-uri@3.1.0: {}
